
Microsoft Visual Studio Solution File, Format Version 12.00
# Visual Studio 15
VisualStudioVersion = 15.0.28307.1169
MinimumVisualStudioVersion = 10.0.40219.1
Project("{9A19103F-16F7-4668-BE54-9A1E7A4F7556}") = "SpotCC", "SpotCC.csproj", "{67534165-A437-416F-B2E8-33E2014CBA49}"
EndProject
Global
	GlobalSection(SolutionConfigurationPlatforms) = preSolution
		Debug|Any CPU = Debug|Any CPU
		Release|Any CPU = Release|Any CPU
	EndGlobalSection
	GlobalSection(ProjectConfigurationPlatforms) = postSolution
		{67534165-A437-416F-B2E8-33E2014CBA49}.Debug|Any CPU.ActiveCfg = Debug|Any CPU
		{67534165-A437-416F-B2E8-33E2014CBA49}.Debug|Any CPU.Build.0 = Debug|Any CPU
		{67534165-A437-416F-B2E8-33E2014CBA49}.Release|Any CPU.ActiveCfg = Release|Any CPU
		{67534165-A437-416F-B2E8-33E2014CBA49}.Release|Any CPU.Build.0 = Release|Any CPU
	EndGlobalSection
	GlobalSection(SolutionProperties) = preSolution
		HideSolutionNode = FALSE
	EndGlobalSection
	GlobalSection(ExtensibilityGlobals) = postSolution
		SolutionGuid = {BE4127AF-64D4-47FD-8EC4-FDAF7297AAAD}
	EndGlobalSection
EndGlobal
